
Microsoft Visual Studio Solution File, Format Version 12.00
Project("{FAE04EC0-301F-11D3-BF4B-00C04F79EFBC}") = "ItemServiceCaller", "ItemServiceCaller\ItemServiceCaller.csproj", "{B1FFE728-F29C-4E29-9C8B-FDA0E6B96190}"
EndProject
Global
	GlobalSection(SolutionConfigurationPlatforms) = preSolution
		Debug|Any CPU = Debug|Any CPU
		Release|Any CPU = Release|Any CPU
	EndGlobalSection
	GlobalSection(ProjectConfigurationPlatforms) = postSolution
		{B1FFE728-F29C-4E29-9C8B-FDA0E6B96190}.Debug|Any CPU.ActiveCfg = Debug|Any CPU
		{B1FFE728-F29C-4E29-9C8B-FDA0E6B96190}.Debug|Any CPU.Build.0 = Debug|Any CPU
		{B1FFE728-F29C-4E29-9C8B-FDA0E6B96190}.Release|Any CPU.ActiveCfg = Release|Any CPU
		{B1FFE728-F29C-4E29-9C8B-FDA0E6B96190}.Release|Any CPU.Build.0 = Release|Any CPU
	EndGlobalSection
EndGlobal
